
Microsoft Visual Studio Solution File, Format Version 12.00
# Visual Studio Version 17
VisualStudioVersion = 17.1.32228.430
MinimumVisualStudioVersion = 10.0.40219.1
Project("{FAE04EC0-301F-11D3-BF4B-00C04F79EFBC}") = "JISP", "JISP\JISP.csproj", "{57350B3C-7EB5-4BC3-92D5-05E597B45807}"
EndProject
Project("{2150E333-8FDC-42A3-9474-1A3956D46DE8}") = "Solution Items", "Solution Items", "{ED9BD761-BD49-4BE3-9052-1E47312A380E}"
	ProjectSection(SolutionItems) = preProject
		README.md = README.md
		todo.txt = todo.txt
	EndProjectSection
EndProject
Project("{2150E333-8FDC-42A3-9474-1A3956D46DE8}") = "ScreenShots", "ScreenShots", "{2C8CDB9D-1259-459B-9E27-F03BB9DB7C10}"
	ProjectSection(SolutionItems) = preProject
		ScreenShots\pocetna.png = ScreenShots\pocetna.png
		ScreenShots\prostorije.png = ScreenShots\prostorije.png
		ScreenShots\sistematizacija.png = ScreenShots\sistematizacija.png
		ScreenShots\ucenici.png = ScreenShots\ucenici.png
		ScreenShots\zaposleni.png = ScreenShots\zaposleni.png
		ScreenShots\zaposlenja.png = ScreenShots\zaposlenja.png
	EndProjectSection
EndProject
Project("{9A19103F-16F7-4668-BE54-9A1E7A4F7556}") = "xUnitTests", "xUnitTests\xUnitTests.csproj", "{AECC121D-0660-4E41-81BB-7234E49DA564}"
EndProject
Project("{FAE04EC0-301F-11D3-BF4B-00C04F79EFBC}") = "WinControlsTests", "WinControlsTests\WinControlsTests.csproj", "{E186D4B6-4922-4528-8EA8-4D7BD42F2AE1}"
EndProject
Global
	GlobalSection(SolutionConfigurationPlatforms) = preSolution
		Debug|Any CPU = Debug|Any CPU
		Debug|x64 = Debug|x64
		Release|Any CPU = Release|Any CPU
		Release|x64 = Release|x64
	EndGlobalSection
	GlobalSection(ProjectConfigurationPlatforms) = postSolution
		{57350B3C-7EB5-4BC3-92D5-05E597B45807}.Debug|Any CPU.ActiveCfg = Debug|Any CPU
		{57350B3C-7EB5-4BC3-92D5-05E597B45807}.Debug|Any CPU.Build.0 = Debug|Any CPU
		{57350B3C-7EB5-4BC3-92D5-05E597B45807}.Debug|x64.ActiveCfg = Debug|x64
		{57350B3C-7EB5-4BC3-92D5-05E597B45807}.Debug|x64.Build.0 = Debug|x64
		{57350B3C-7EB5-4BC3-92D5-05E597B45807}.Release|Any CPU.ActiveCfg = Release|Any CPU
		{57350B3C-7EB5-4BC3-92D5-05E597B45807}.Release|Any CPU.Build.0 = Release|Any CPU
		{57350B3C-7EB5-4BC3-92D5-05E597B45807}.Release|x64.ActiveCfg = Release|x64
		{57350B3C-7EB5-4BC3-92D5-05E597B45807}.Release|x64.Build.0 = Release|x64
		{AECC121D-0660-4E41-81BB-7234E49DA564}.Debug|Any CPU.ActiveCfg = Debug|Any CPU
		{AECC121D-0660-4E41-81BB-7234E49DA564}.Debug|Any CPU.Build.0 = Debug|Any CPU
		{AECC121D-0660-4E41-81BB-7234E49DA564}.Debug|x64.ActiveCfg = Debug|Any CPU
		{AECC121D-0660-4E41-81BB-7234E49DA564}.Debug|x64.Build.0 = Debug|Any CPU
		{AECC121D-0660-4E41-81BB-7234E49DA564}.Release|Any CPU.ActiveCfg = Release|Any CPU
		{AECC121D-0660-4E41-81BB-7234E49DA564}.Release|Any CPU.Build.0 = Release|Any CPU
		{AECC121D-0660-4E41-81BB-7234E49DA564}.Release|x64.ActiveCfg = Release|Any CPU
		{AECC121D-0660-4E41-81BB-7234E49DA564}.Release|x64.Build.0 = Release|Any CPU
		{E186D4B6-4922-4528-8EA8-4D7BD42F2AE1}.Debug|Any CPU.ActiveCfg = Debug|Any CPU
		{E186D4B6-4922-4528-8EA8-4D7BD42F2AE1}.Debug|Any CPU.Build.0 = Debug|Any CPU
		{E186D4B6-4922-4528-8EA8-4D7BD42F2AE1}.Debug|x64.ActiveCfg = Debug|Any CPU
		{E186D4B6-4922-4528-8EA8-4D7BD42F2AE1}.Debug|x64.Build.0 = Debug|Any CPU
		{E186D4B6-4922-4528-8EA8-4D7BD42F2AE1}.Release|Any CPU.ActiveCfg = Release|Any CPU
		{E186D4B6-4922-4528-8EA8-4D7BD42F2AE1}.Release|Any CPU.Build.0 = Release|Any CPU
		{E186D4B6-4922-4528-8EA8-4D7BD42F2AE1}.Release|x64.ActiveCfg = Release|Any CPU
		{E186D4B6-4922-4528-8EA8-4D7BD42F2AE1}.Release|x64.Build.0 = Release|Any CPU
	EndGlobalSection
	GlobalSection(SolutionProperties) = preSolution
		HideSolutionNode = FALSE
	EndGlobalSection
	GlobalSection(NestedProjects) = preSolution
		{2C8CDB9D-1259-459B-9E27-F03BB9DB7C10} = {ED9BD761-BD49-4BE3-9052-1E47312A380E}
	EndGlobalSection
	GlobalSection(ExtensibilityGlobals) = postSolution
		SolutionGuid = {416C4AEF-CF5D-466C-A7C7-C18189BB763F}
	EndGlobalSection
EndGlobal
